// !$*UTF8*$!
{
	archiveVersion = 1;
	classes = {
	};
	objectVersion = 56;
	objects = {

/* Begin PBXBuildFile section */
		6980386B2A17B70E00C93E3D /* IOSWebExtensionHandler.swift in Sources */ = {isa = PBXBuildFile; fileRef = 6980386A2A17B70E00C93E3D /* IOSWebExtensionHandler.swift */; };
		6980386D2A1A429A00C93E3D /* MacWebExtensionHandler.swift in Sources */ = {isa = PBXBuildFile; fileRef = 6980386C2A1A429A00C93E3D /* MacWebExtensionHandler.swift */; };
		699B7D782A519B2C00E506F2 /* YomikiriTokenizer.framework in Frameworks */ = {isa = PBXBuildFile; fileRef = 699B7D752A519ADE00E506F2 /* YomikiriTokenizer.framework */; };
		699B7D792A519B2C00E506F2 /* YomikiriTokenizer.framework in Embed Frameworks */ = {isa = PBXBuildFile; fileRef = 699B7D752A519ADE00E506F2 /* YomikiriTokenizer.framework */; settings = {ATTRIBUTES = (CodeSignOnCopy, RemoveHeadersOnCopy, ); }; };
		699B7D7B2A519B3000E506F2 /* YomikiriTokenizer.framework in Frameworks */ = {isa = PBXBuildFile; fileRef = 699B7D752A519ADE00E506F2 /* YomikiriTokenizer.framework */; };
		699B7D7C2A519B3000E506F2 /* YomikiriTokenizer.framework in Embed Frameworks */ = {isa = PBXBuildFile; fileRef = 699B7D752A519ADE00E506F2 /* YomikiriTokenizer.framework */; settings = {ATTRIBUTES = (CodeSignOnCopy, RemoveHeadersOnCopy, ); }; };
		699B7DC62A52B07C00E506F2 /* OptionsView.swift in Sources */ = {isa = PBXBuildFile; fileRef = 699B7DC52A52B07C00E506F2 /* OptionsView.swift */; };
		699B7DC92A52B09200E506F2 /* YomikiriApp.swift in Sources */ = {isa = PBXBuildFile; fileRef = 699B7DC82A52B09200E506F2 /* YomikiriApp.swift */; };
		699B7DCD2A52BEA100E506F2 /* WebView.swift in Sources */ = {isa = PBXBuildFile; fileRef = 699B7DCC2A52BEA100E506F2 /* WebView.swift */; };
		699B7DFA2A52C9D900E506F2 /* manifest.json in Resources */ = {isa = PBXBuildFile; fileRef = 699B7DEC2A52C9D900E506F2 /* manifest.json */; };
		699B7DFC2A52C9E500E506F2 /* res in Resources */ = {isa = PBXBuildFile; fileRef = 699B7DFB2A52C9E500E506F2 /* res */; };
		69F2C25729FA4FA80088F503 /* AppDelegate.swift in Sources */ = {isa = PBXBuildFile; fileRef = 69F2C25629FA4FA80088F503 /* AppDelegate.swift */; };
		69F2C25929FA4FA80088F503 /* SceneDelegate.swift in Sources */ = {isa = PBXBuildFile; fileRef = 69F2C25829FA4FA80088F503 /* SceneDelegate.swift */; };
		69F2C26829FA4FA80088F503 /* AppDelegate.swift in Sources */ = {isa = PBXBuildFile; fileRef = 69F2C26729FA4FA80088F503 /* AppDelegate.swift */; };
		69F2C26B29FA4FA80088F503 /* Main.storyboard in Resources */ = {isa = PBXBuildFile; fileRef = 69F2C26929FA4FA80088F503 /* Main.storyboard */; };
		69F2C27229FA4FA80088F503 /* Yomikiri Extension.appex in Embed Foundation Extensions */ = {isa = PBXBuildFile; fileRef = 69F2C27129FA4FA80088F503 /* Yomikiri Extension.appex */; settings = {ATTRIBUTES = (RemoveHeadersOnCopy, ); }; };
		69F2C27C29FA4FA80088F503 /* Yomikiri Extension.appex in Embed Foundation Extensions */ = {isa = PBXBuildFile; fileRef = 69F2C27B29FA4FA80088F503 /* Yomikiri Extension.appex */; settings = {ATTRIBUTES = (RemoveHeadersOnCopy, ); }; };
		69F2C28229FA4FA80088F503 /* Main.html in Resources */ = {isa = PBXBuildFile; fileRef = 69F2C23D29FA4FA80088F503 /* Main.html */; };
		69F2C28329FA4FA80088F503 /* Main.html in Resources */ = {isa = PBXBuildFile; fileRef = 69F2C23D29FA4FA80088F503 /* Main.html */; };
		69F2C28429FA4FA80088F503 /* Icon.png in Resources */ = {isa = PBXBuildFile; fileRef = 69F2C23F29FA4FA80088F503 /* Icon.png */; };
		69F2C28529FA4FA80088F503 /* Icon.png in Resources */ = {isa = PBXBuildFile; fileRef = 69F2C23F29FA4FA80088F503 /* Icon.png */; };
		69F2C28629FA4FA80088F503 /* Style.css in Resources */ = {isa = PBXBuildFile; fileRef = 69F2C24029FA4FA80088F503 /* Style.css */; };
		69F2C28729FA4FA80088F503 /* Style.css in Resources */ = {isa = PBXBuildFile; fileRef = 69F2C24029FA4FA80088F503 /* Style.css */; };
		69F2C28829FA4FA80088F503 /* Script.js in Resources */ = {isa = PBXBuildFile; fileRef = 69F2C24129FA4FA80088F503 /* Script.js */; };
		69F2C28929FA4FA80088F503 /* Script.js in Resources */ = {isa = PBXBuildFile; fileRef = 69F2C24129FA4FA80088F503 /* Script.js */; };
		69F2C28A29FA4FA80088F503 /* ViewController.swift in Sources */ = {isa = PBXBuildFile; fileRef = 69F2C24229FA4FA80088F503 /* ViewController.swift */; };
		69F2C28B29FA4FA80088F503 /* ViewController.swift in Sources */ = {isa = PBXBuildFile; fileRef = 69F2C24229FA4FA80088F503 /* ViewController.swift */; };
		69F2C28C29FA4FA80088F503 /* Assets.xcassets in Resources */ = {isa = PBXBuildFile; fileRef = 69F2C24329FA4FA80088F503 /* Assets.xcassets */; };
		69F2C28D29FA4FA80088F503 /* Assets.xcassets in Resources */ = {isa = PBXBuildFile; fileRef = 69F2C24329FA4FA80088F503 /* Assets.xcassets */; };
/* End PBXBuildFile section */

/* Begin PBXContainerItemProxy section */
		699B7D742A519ADE00E506F2 /* PBXContainerItemProxy */ = {
			isa = PBXContainerItemProxy;
			containerPortal = 699B7D702A519ADE00E506F2 /* YomikiriTokenizer.xcodeproj */;
			proxyType = 2;
			remoteGlobalIDString = 699B7D662A519ADB00E506F2;
			remoteInfo = YomikiriTokenizer;
		};
		69F2C27329FA4FA80088F503 /* PBXContainerItemProxy */ = {
			isa = PBXContainerItemProxy;
			containerPortal = 69F2C23729FA4FA70088F503 /* Project object */;
			proxyType = 1;
			remoteGlobalIDString = 69F2C27029FA4FA80088F503;
			remoteInfo = "Yomikiri Extension (iOS)";
		};
		69F2C27D29FA4FA80088F503 /* PBXContainerItemProxy */ = {
			isa = PBXContainerItemProxy;
			containerPortal = 69F2C23729FA4FA70088F503 /* Project object */;
			proxyType = 1;
			remoteGlobalIDString = 69F2C27A29FA4FA80088F503;
			remoteInfo = "Yomikiri Extension (macOS)";
		};
/* End PBXContainerItemProxy section */

/* Begin PBXCopyFilesBuildPhase section */
		699B7D7A2A519B2C00E506F2 /* Embed Frameworks */ = {
			isa = PBXCopyFilesBuildPhase;
			buildActionMask = 2147483647;
			dstPath = "";
			dstSubfolderSpec = 10;
			files = (
				699B7D792A519B2C00E506F2 /* YomikiriTokenizer.framework in Embed Frameworks */,
			);
			name = "Embed Frameworks";
			runOnlyForDeploymentPostprocessing = 0;
		};
		699B7D7D2A519B3000E506F2 /* Embed Frameworks */ = {
			isa = PBXCopyFilesBuildPhase;
			buildActionMask = 2147483647;
			dstPath = "";
			dstSubfolderSpec = 10;
			files = (
				699B7D7C2A519B3000E506F2 /* YomikiriTokenizer.framework in Embed Frameworks */,
			);
			name = "Embed Frameworks";
			runOnlyForDeploymentPostprocessing = 0;
		};
		69F2C2A529FA4FA80088F503 /* Embed Foundation Extensions */ = {
			isa = PBXCopyFilesBuildPhase;
			buildActionMask = 2147483647;
			dstPath = "";
			dstSubfolderSpec = 13;
			files = (
				69F2C27229FA4FA80088F503 /* Yomikiri Extension.appex in Embed Foundation Extensions */,
			);
			name = "Embed Foundation Extensions";
			runOnlyForDeploymentPostprocessing = 0;
		};
		69F2C2AC29FA4FA80088F503 /* Embed Foundation Extensions */ = {
			isa = PBXCopyFilesBuildPhase;
			buildActionMask = 2147483647;
			dstPath = "";
			dstSubfolderSpec = 13;
			files = (
				69F2C27C29FA4FA80088F503 /* Yomikiri Extension.appex in Embed Foundation Extensions */,
			);
			name = "Embed Foundation Extensions";
			runOnlyForDeploymentPostprocessing = 0;
		};
/* End PBXCopyFilesBuildPhase section */

/* Begin PBXFileReference section */
		69471A1A2A2B7AAE00EB6082 /* Yomikiri (iOS).entitlements */ = {isa = PBXFileReference; lastKnownFileType = text.plist.entitlements; path = "Yomikiri (iOS).entitlements"; sourceTree = "<group>"; };
		69471A1B2A2B7AC100EB6082 /* Yomikiri Extension (iOS).entitlements */ = {isa = PBXFileReference; lastKnownFileType = text.plist.entitlements; path = "Yomikiri Extension (iOS).entitlements"; sourceTree = "<group>"; };
		6980386A2A17B70E00C93E3D /* IOSWebExtensionHandler.swift */ = {isa = PBXFileReference; lastKnownFileType = sourcecode.swift; path = IOSWebExtensionHandler.swift; sourceTree = "<group>"; };
		6980386C2A1A429A00C93E3D /* MacWebExtensionHandler.swift */ = {isa = PBXFileReference; lastKnownFileType = sourcecode.swift; path = MacWebExtensionHandler.swift; sourceTree = "<group>"; };
		699B7D702A519ADE00E506F2 /* YomikiriTokenizer.xcodeproj */ = {isa = PBXFileReference; lastKnownFileType = "wrapper.pb-project"; name = YomikiriTokenizer.xcodeproj; path = YomikiriTokenizer/YomikiriTokenizer.xcodeproj; sourceTree = "<group>"; };
		699B7DC52A52B07C00E506F2 /* OptionsView.swift */ = {isa = PBXFileReference; lastKnownFileType = sourcecode.swift; path = OptionsView.swift; sourceTree = "<group>"; };
		699B7DC82A52B09200E506F2 /* YomikiriApp.swift */ = {isa = PBXFileReference; lastKnownFileType = sourcecode.swift; path = YomikiriApp.swift; sourceTree = "<group>"; };
		699B7DCC2A52BEA100E506F2 /* WebView.swift */ = {isa = PBXFileReference; lastKnownFileType = sourcecode.swift; path = WebView.swift; sourceTree = "<group>"; };
		699B7DEC2A52C9D900E506F2 /* manifest.json */ = {isa = PBXFileReference; fileEncoding = 4; lastKnownFileType = text.json; path = manifest.json; sourceTree = "<group>"; };
		699B7DFB2A52C9E500E506F2 /* res */ = {isa = PBXFileReference; lastKnownFileType = folder; path = res; sourceTree = "<group>"; };
		699B7DFD2A52DD0500E506F2 /* build_extension.sh */ = {isa = PBXFileReference; fileEncoding = 4; lastKnownFileType = text.script.sh; path = build_extension.sh; sourceTree = "<group>"; };
		69F2C23E29FA4FA80088F503 /* Base */ = {isa = PBXFileReference; lastKnownFileType = text.html; name = Base; path = ../Base.lproj/Main.html; sourceTree = "<group>"; };
		69F2C23F29FA4FA80088F503 /* Icon.png */ = {isa = PBXFileReference; lastKnownFileType = image.png; path = Icon.png; sourceTree = "<group>"; };
		69F2C24029FA4FA80088F503 /* Style.css */ = {isa = PBXFileReference; lastKnownFileType = text.css; path = Style.css; sourceTree = "<group>"; };
		69F2C24129FA4FA80088F503 /* Script.js */ = {isa = PBXFileReference; lastKnownFileType = sourcecode.javascript; path = Script.js; sourceTree = "<group>"; };
		69F2C24229FA4FA80088F503 /* ViewController.swift */ = {isa = PBXFileReference; lastKnownFileType = sourcecode.swift; path = ViewController.swift; sourceTree = "<group>"; };
		69F2C24329FA4FA80088F503 /* Assets.xcassets */ = {isa = PBXFileReference; lastKnownFileType = folder.assetcatalog; path = Assets.xcassets; sourceTree = "<group>"; };
		69F2C25329FA4FA80088F503 /* Yomikiri.app */ = {isa = PBXFileReference; explicitFileType = wrapper.application; includeInIndex = 0; path = Yomikiri.app; sourceTree = BUILT_PRODUCTS_DIR; };
		69F2C25629FA4FA80088F503 /* AppDelegate.swift */ = {isa = PBXFileReference; lastKnownFileType = sourcecode.swift; path = AppDelegate.swift; sourceTree = "<group>"; };
		69F2C25829FA4FA80088F503 /* SceneDelegate.swift */ = {isa = PBXFileReference; lastKnownFileType = sourcecode.swift; path = SceneDelegate.swift; sourceTree = "<group>"; };
		69F2C26029FA4FA80088F503 /* Info.plist */ = {isa = PBXFileReference; lastKnownFileType = text.plist.xml; path = Info.plist; sourceTree = "<group>"; };
		69F2C26529FA4FA80088F503 /* Yomikiri.app */ = {isa = PBXFileReference; explicitFileType = wrapper.application; includeInIndex = 0; path = Yomikiri.app; sourceTree = BUILT_PRODUCTS_DIR; };
		69F2C26729FA4FA80088F503 /* AppDelegate.swift */ = {isa = PBXFileReference; lastKnownFileType = sourcecode.swift; path = AppDelegate.swift; sourceTree = "<group>"; };
		69F2C26A29FA4FA80088F503 /* Base */ = {isa = PBXFileReference; lastKnownFileType = file.storyboard; name = Base; path = Base.lproj/Main.storyboard; sourceTree = "<group>"; };
		69F2C26C29FA4FA80088F503 /* Yomikiri.entitlements */ = {isa = PBXFileReference; lastKnownFileType = text.plist.entitlements; path = Yomikiri.entitlements; sourceTree = "<group>"; };
		69F2C27129FA4FA80088F503 /* Yomikiri Extension.appex */ = {isa = PBXFileReference; explicitFileType = "wrapper.app-extension"; includeInIndex = 0; path = "Yomikiri Extension.appex"; sourceTree = BUILT_PRODUCTS_DIR; };
		69F2C27629FA4FA80088F503 /* Info.plist */ = {isa = PBXFileReference; lastKnownFileType = text.plist.xml; path = Info.plist; sourceTree = "<group>"; };
		69F2C27B29FA4FA80088F503 /* Yomikiri Extension.appex */ = {isa = PBXFileReference; explicitFileType = "wrapper.app-extension"; includeInIndex = 0; path = "Yomikiri Extension.appex"; sourceTree = BUILT_PRODUCTS_DIR; };
		69F2C28029FA4FA80088F503 /* Info.plist */ = {isa = PBXFileReference; lastKnownFileType = text.plist.xml; path = Info.plist; sourceTree = "<group>"; };
		69F2C28129FA4FA80088F503 /* Yomikiri.entitlements */ = {isa = PBXFileReference; lastKnownFileType = text.plist.entitlements; path = Yomikiri.entitlements; sourceTree = "<group>"; };
/* End PBXFileReference section */

/* Begin PBXFrameworksBuildPhase section */
		6909CA772A2241150052FEF4 /* Frameworks */ = {
			isa = PBXFrameworksBuildPhase;
			buildActionMask = 2147483647;
			files = (
				699B7D7B2A519B3000E506F2 /* YomikiriTokenizer.framework in Frameworks */,
			);
			runOnlyForDeploymentPostprocessing = 0;
		};
		69F2C25029FA4FA80088F503 /* Frameworks */ = {
			isa = PBXFrameworksBuildPhase;
			buildActionMask = 2147483647;
			files = (
				699B7D782A519B2C00E506F2 /* YomikiriTokenizer.framework in Frameworks */,
			);
			runOnlyForDeploymentPostprocessing = 0;
		};
		69F2C26229FA4FA80088F503 /* Frameworks */ = {
			isa = PBXFrameworksBuildPhase;
			buildActionMask = 2147483647;
			files = (
			);
			runOnlyForDeploymentPostprocessing = 0;
		};
		69F2C27829FA4FA80088F503 /* Frameworks */ = {
			isa = PBXFrameworksBuildPhase;
			buildActionMask = 2147483647;
			files = (
			);
			runOnlyForDeploymentPostprocessing = 0;
		};
/* End PBXFrameworksBuildPhase section */

/* Begin PBXGroup section */
		6909CA782A22411D0052FEF4 /* Frameworks */ = {
			isa = PBXGroup;
			children = (
			);
			name = Frameworks;
			sourceTree = "<group>";
		};
		699B7D712A519ADE00E506F2 /* Products */ = {
			isa = PBXGroup;
			children = (
				699B7D752A519ADE00E506F2 /* YomikiriTokenizer.framework */,
			);
			name = Products;
			sourceTree = "<group>";
		};
		699B7D8A2A519C6100E506F2 /* scripts */ = {
			isa = PBXGroup;
			children = (
				699B7DFD2A52DD0500E506F2 /* build_extension.sh */,
			);
			path = scripts;
			sourceTree = "<group>";
		};
		699B7DDA2A52C9D900E506F2 /* ios */ = {
			isa = PBXGroup;
			children = (
				699B7DFB2A52C9E500E506F2 /* res */,
				699B7DEC2A52C9D900E506F2 /* manifest.json */,
			);
			name = ios;
			path = ../extension/build/ios;
			sourceTree = "<group>";
		};
		69F2C23629FA4FA70088F503 = {
			isa = PBXGroup;
			children = (
				699B7DDA2A52C9D900E506F2 /* ios */,
				699B7D702A519ADE00E506F2 /* YomikiriTokenizer.xcodeproj */,
				69471A1B2A2B7AC100EB6082 /* Yomikiri Extension (iOS).entitlements */,
				69471A1A2A2B7AAE00EB6082 /* Yomikiri (iOS).entitlements */,
				69F2C23B29FA4FA80088F503 /* Shared (App) */,
				69F2C24429FA4FA80088F503 /* Shared (Extension) */,
				69F2C25529FA4FA80088F503 /* iOS (App) */,
				69F2C26629FA4FA80088F503 /* macOS (App) */,
				69F2C27529FA4FA80088F503 /* iOS (Extension) */,
				69F2C27F29FA4FA80088F503 /* macOS (Extension) */,
				699B7D8A2A519C6100E506F2 /* scripts */,
				69F2C25429FA4FA80088F503 /* Products */,
				6909CA782A22411D0052FEF4 /* Frameworks */,
			);
			sourceTree = "<group>";
		};
		69F2C23B29FA4FA80088F503 /* Shared (App) */ = {
			isa = PBXGroup;
			children = (
				69F2C24229FA4FA80088F503 /* ViewController.swift */,
				69F2C24329FA4FA80088F503 /* Assets.xcassets */,
				69F2C23C29FA4FA80088F503 /* Resources */,
			);
			path = "Shared (App)";
			sourceTree = "<group>";
		};
		69F2C23C29FA4FA80088F503 /* Resources */ = {
			isa = PBXGroup;
			children = (
				69F2C23D29FA4FA80088F503 /* Main.html */,
				69F2C23F29FA4FA80088F503 /* Icon.png */,
				69F2C24029FA4FA80088F503 /* Style.css */,
				69F2C24129FA4FA80088F503 /* Script.js */,
			);
			path = Resources;
			sourceTree = "<group>";
		};
		69F2C24429FA4FA80088F503 /* Shared (Extension) */ = {
			isa = PBXGroup;
			children = (
			);
			path = "Shared (Extension)";
			sourceTree = "<group>";
		};
		69F2C25429FA4FA80088F503 /* Products */ = {
			isa = PBXGroup;
			children = (
				69F2C25329FA4FA80088F503 /* Yomikiri.app */,
				69F2C26529FA4FA80088F503 /* Yomikiri.app */,
				69F2C27129FA4FA80088F503 /* Yomikiri Extension.appex */,
				69F2C27B29FA4FA80088F503 /* Yomikiri Extension.appex */,
			);
			name = Products;
			sourceTree = "<group>";
		};
		69F2C25529FA4FA80088F503 /* iOS (App) */ = {
			isa = PBXGroup;
			children = (
				69F2C25629FA4FA80088F503 /* AppDelegate.swift */,
				69F2C25829FA4FA80088F503 /* SceneDelegate.swift */,
				69F2C26029FA4FA80088F503 /* Info.plist */,
				699B7DC52A52B07C00E506F2 /* OptionsView.swift */,
				699B7DC82A52B09200E506F2 /* YomikiriApp.swift */,
				699B7DCC2A52BEA100E506F2 /* WebView.swift */,
			);
			path = "iOS (App)";
			sourceTree = "<group>";
		};
		69F2C26629FA4FA80088F503 /* macOS (App) */ = {
			isa = PBXGroup;
			children = (
				69F2C26729FA4FA80088F503 /* AppDelegate.swift */,
				69F2C26929FA4FA80088F503 /* Main.storyboard */,
				69F2C26C29FA4FA80088F503 /* Yomikiri.entitlements */,
			);
			path = "macOS (App)";
			sourceTree = "<group>";
		};
		69F2C27529FA4FA80088F503 /* iOS (Extension) */ = {
			isa = PBXGroup;
			children = (
				69F2C27629FA4FA80088F503 /* Info.plist */,
				6980386A2A17B70E00C93E3D /* IOSWebExtensionHandler.swift */,
			);
			path = "iOS (Extension)";
			sourceTree = "<group>";
		};
		69F2C27F29FA4FA80088F503 /* macOS (Extension) */ = {
			isa = PBXGroup;
			children = (
				69F2C28029FA4FA80088F503 /* Info.plist */,
				69F2C28129FA4FA80088F503 /* Yomikiri.entitlements */,
				6980386C2A1A429A00C93E3D /* MacWebExtensionHandler.swift */,
			);
			path = "macOS (Extension)";
			sourceTree = "<group>";
		};
/* End PBXGroup section */

/* Begin PBXNativeTarget section */
		69F2C25229FA4FA80088F503 /* Yomikiri (iOS) */ = {
			isa = PBXNativeTarget;
			buildConfigurationList = 69F2C2A629FA4FA80088F503 /* Build configuration list for PBXNativeTarget "Yomikiri (iOS)" */;
			buildPhases = (
				69F2C24F29FA4FA80088F503 /* Sources */,
				69F2C25029FA4FA80088F503 /* Frameworks */,
				69F2C25129FA4FA80088F503 /* Resources */,
				69F2C2A529FA4FA80088F503 /* Embed Foundation Extensions */,
				699B7D7A2A519B2C00E506F2 /* Embed Frameworks */,
			);
			buildRules = (
			);
			dependencies = (
				69F2C27429FA4FA80088F503 /* PBXTargetDependency */,
			);
			name = "Yomikiri (iOS)";
			productName = "Yomikiri (iOS)";
			productReference = 69F2C25329FA4FA80088F503 /* Yomikiri.app */;
			productType = "com.apple.product-type.application";
		};
		69F2C26429FA4FA80088F503 /* Yomikiri (macOS) */ = {
			isa = PBXNativeTarget;
			buildConfigurationList = 69F2C2AD29FA4FA80088F503 /* Build configuration list for PBXNativeTarget "Yomikiri (macOS)" */;
			buildPhases = (
				69F2C26129FA4FA80088F503 /* Sources */,
				69F2C26229FA4FA80088F503 /* Frameworks */,
				69F2C26329FA4FA80088F503 /* Resources */,
				69F2C2AC29FA4FA80088F503 /* Embed Foundation Extensions */,
			);
			buildRules = (
			);
			dependencies = (
				69F2C27E29FA4FA80088F503 /* PBXTargetDependency */,
			);
			name = "Yomikiri (macOS)";
			productName = "Yomikiri (macOS)";
			productReference = 69F2C26529FA4FA80088F503 /* Yomikiri.app */;
			productType = "com.apple.product-type.application";
		};
		69F2C27029FA4FA80088F503 /* Yomikiri Extension (iOS) */ = {
			isa = PBXNativeTarget;
			buildConfigurationList = 69F2C2A229FA4FA80088F503 /* Build configuration list for PBXNativeTarget "Yomikiri Extension (iOS)" */;
			buildPhases = (
				699B7DD12A52C2BA00E506F2 /* Build extension */,
				69F2C26D29FA4FA80088F503 /* Sources */,
				6909CA772A2241150052FEF4 /* Frameworks */,
				699B7D7D2A519B3000E506F2 /* Embed Frameworks */,
				699B7DD32A52C33A00E506F2 /* Resources */,
			);
			buildRules = (
			);
			dependencies = (
			);
			name = "Yomikiri Extension (iOS)";
			productName = "Yomikiri Extension (iOS)";
			productReference = 69F2C27129FA4FA80088F503 /* Yomikiri Extension.appex */;
			productType = "com.apple.product-type.app-extension";
		};
		69F2C27A29FA4FA80088F503 /* Yomikiri Extension (macOS) */ = {
			isa = PBXNativeTarget;
			buildConfigurationList = 69F2C2A929FA4FA80088F503 /* Build configuration list for PBXNativeTarget "Yomikiri Extension (macOS)" */;
			buildPhases = (
				69F2C27729FA4FA80088F503 /* Sources */,
				699B7DD42A52C33E00E506F2 /* Resources */,
				69F2C27829FA4FA80088F503 /* Frameworks */,
			);
			buildRules = (
			);
			dependencies = (
			);
			name = "Yomikiri Extension (macOS)";
			productName = "Yomikiri Extension (macOS)";
			productReference = 69F2C27B29FA4FA80088F503 /* Yomikiri Extension.appex */;
			productType = "com.apple.product-type.app-extension";
		};
/* End PBXNativeTarget section */

/* Begin PBXProject section */
		69F2C23729FA4FA70088F503 /* Project object */ = {
			isa = PBXProject;
			attributes = {
				BuildIndependentTargetsInParallel = 1;
				LastSwiftUpdateCheck = 1430;
				LastUpgradeCheck = 1430;
				TargetAttributes = {
					69F2C25229FA4FA80088F503 = {
						CreatedOnToolsVersion = 14.3;
					};
					69F2C26429FA4FA80088F503 = {
						CreatedOnToolsVersion = 14.3;
					};
					69F2C27029FA4FA80088F503 = {
						CreatedOnToolsVersion = 14.3;
					};
					69F2C27A29FA4FA80088F503 = {
						CreatedOnToolsVersion = 14.3;
					};
				};
			};
			buildConfigurationList = 69F2C23A29FA4FA70088F503 /* Build configuration list for PBXProject "Yomikiri" */;
			compatibilityVersion = "Xcode 14.0";
			developmentRegion = en;
			hasScannedForEncodings = 0;
			knownRegions = (
				en,
				Base,
			);
			mainGroup = 69F2C23629FA4FA70088F503;
			productRefGroup = 69F2C25429FA4FA80088F503 /* Products */;
			projectDirPath = "";
			projectReferences = (
				{
					ProductGroup = 699B7D712A519ADE00E506F2 /* Products */;
					ProjectRef = 699B7D702A519ADE00E506F2 /* YomikiriTokenizer.xcodeproj */;
				},
			);
			projectRoot = "";
			targets = (
				69F2C25229FA4FA80088F503 /* Yomikiri (iOS) */,
				69F2C26429FA4FA80088F503 /* Yomikiri (macOS) */,
				69F2C27029FA4FA80088F503 /* Yomikiri Extension (iOS) */,
				69F2C27A29FA4FA80088F503 /* Yomikiri Extension (macOS) */,
			);
		};
/* End PBXProject section */

/* Begin PBXReferenceProxy section */
		699B7D752A519ADE00E506F2 /* YomikiriTokenizer.framework */ = {
			isa = PBXReferenceProxy;
			fileType = wrapper.framework;
			path = YomikiriTokenizer.framework;
			remoteRef = 699B7D742A519ADE00E506F2 /* PBXContainerItemProxy */;
			sourceTree = BUILT_PRODUCTS_DIR;
		};
/* End PBXReferenceProxy section */

/* Begin PBXResourcesBuildPhase section */
		699B7DD32A52C33A00E506F2 /* Resources */ = {
			isa = PBXResourcesBuildPhase;
			buildActionMask = 2147483647;
			files = (
				699B7DFA2A52C9D900E506F2 /* manifest.json in Resources */,
				699B7DFC2A52C9E500E506F2 /* res in Resources */,
			);
			runOnlyForDeploymentPostprocessing = 0;
		};
		699B7DD42A52C33E00E506F2 /* Resources */ = {
			isa = PBXResourcesBuildPhase;
			buildActionMask = 2147483647;
			files = (
			);
			runOnlyForDeploymentPostprocessing = 0;
		};
		69F2C25129FA4FA80088F503 /* Resources */ = {
			isa = PBXResourcesBuildPhase;
			buildActionMask = 2147483647;
			files = (
				69F2C28429FA4FA80088F503 /* Icon.png in Resources */,
				69F2C28229FA4FA80088F503 /* Main.html in Resources */,
				69F2C28829FA4FA80088F503 /* Script.js in Resources */,
				69F2C28C29FA4FA80088F503 /* Assets.xcassets in Resources */,
				69F2C28629FA4FA80088F503 /* Style.css in Resources */,
			);
			runOnlyForDeploymentPostprocessing = 0;
		};
		69F2C26329FA4FA80088F503 /* Resources */ = {
			isa = PBXResourcesBuildPhase;
			buildActionMask = 2147483647;
			files = (
				69F2C28529FA4FA80088F503 /* Icon.png in Resources */,
				69F2C28729FA4FA80088F503 /* Style.css in Resources */,
				69F2C26B29FA4FA80088F503 /* Main.storyboard in Resources */,
				69F2C28929FA4FA80088F503 /* Script.js in Resources */,
				69F2C28D29FA4FA80088F503 /* Assets.xcassets in Resources */,
				69F2C28329FA4FA80088F503 /* Main.html in Resources */,
			);
			runOnlyForDeploymentPostprocessing = 0;
		};
/* End PBXResourcesBuildPhase section */

/* Begin PBXShellScriptBuildPhase section */
		699B7DD12A52C2BA00E506F2 /* Build extension */ = {
			isa = PBXShellScriptBuildPhase;
			buildActionMask = 2147483647;
			files = (
			);
			inputFileListPaths = (
			);
			inputPaths = (
			);
			name = "Build extension";
			outputFileListPaths = (
			);
			outputPaths = (
			);
			runOnlyForDeploymentPostprocessing = 0;
			shellPath = /bin/sh;
			shellScript = "# Type a script or drag a script file from your workspace to insert its path.\nscripts/build_extension.sh\n";
		};
/* End PBXShellScriptBuildPhase section */

/* Begin PBXSourcesBuildPhase section */
		69F2C24F29FA4FA80088F503 /* Sources */ = {
			isa = PBXSourcesBuildPhase;
			buildActionMask = 2147483647;
			files = (
				69F2C28A29FA4FA80088F503 /* ViewController.swift in Sources */,
				69F2C25729FA4FA80088F503 /* AppDelegate.swift in Sources */,
				69F2C25929FA4FA80088F503 /* SceneDelegate.swift in Sources */,
				699B7DCD2A52BEA100E506F2 /* WebView.swift in Sources */,
				699B7DC92A52B09200E506F2 /* YomikiriApp.swift in Sources */,
				699B7DC62A52B07C00E506F2 /* OptionsView.swift in Sources */,
			);
			runOnlyForDeploymentPostprocessing = 0;
		};
		69F2C26129FA4FA80088F503 /* Sources */ = {
			isa = PBXSourcesBuildPhase;
			buildActionMask = 2147483647;
			files = (
				69F2C28B29FA4FA80088F503 /* ViewController.swift in Sources */,
				69F2C26829FA4FA80088F503 /* AppDelegate.swift in Sources */,
			);
			runOnlyForDeploymentPostprocessing = 0;
		};
		69F2C26D29FA4FA80088F503 /* Sources */ = {
			isa = PBXSourcesBuildPhase;
			buildActionMask = 2147483647;
			files = (
				6980386B2A17B70E00C93E3D /* IOSWebExtensionHandler.swift in Sources */,
			);
			runOnlyForDeploymentPostprocessing = 0;
		};
		69F2C27729FA4FA80088F503 /* Sources */ = {
			isa = PBXSourcesBuildPhase;
			buildActionMask = 2147483647;
			files = (
				6980386D2A1A429A00C93E3D /* MacWebExtensionHandler.swift in Sources */,
			);
			runOnlyForDeploymentPostprocessing = 0;
		};
/* End PBXSourcesBuildPhase section */

/* Begin PBXTargetDependency section */
		69F2C27429FA4FA80088F503 /* PBXTargetDependency */ = {
			isa = PBXTargetDependency;
			target = 69F2C27029FA4FA80088F503 /* Yomikiri Extension (iOS) */;
			targetProxy = 69F2C27329FA4FA80088F503 /* PBXContainerItemProxy */;
		};
		69F2C27E29FA4FA80088F503 /* PBXTargetDependency */ = {
			isa = PBXTargetDependency;
			target = 69F2C27A29FA4FA80088F503 /* Yomikiri Extension (macOS) */;
			targetProxy = 69F2C27D29FA4FA80088F503 /* PBXContainerItemProxy */;
		};
/* End PBXTargetDependency section */

/* Begin PBXVariantGroup section */
		69F2C23D29FA4FA80088F503 /* Main.html */ = {
			isa = PBXVariantGroup;
			children = (
				69F2C23E29FA4FA80088F503 /* Base */,
			);
			name = Main.html;
			sourceTree = "<group>";
		};
		69F2C26929FA4FA80088F503 /* Main.storyboard */ = {
			isa = PBXVariantGroup;
			children = (
				69F2C26A29FA4FA80088F503 /* Base */,
			);
			name = Main.storyboard;
			sourceTree = "<group>";
		};
/* End PBXVariantGroup section */

/* Begin XCBuildConfiguration section */
		69F2C2A029FA4FA80088F503 /* Debug */ = {
			isa = XCBuildConfiguration;
			buildSettings = {
				ALWAYS_SEARCH_USER_PATHS = NO;
				CLANG_ANALYZER_NONNULL = YES;
				CLANG_ANALYZER_NUMBER_OBJECT_CONVERSION = YES_AGGRESSIVE;
				CLANG_CXX_LANGUAGE_STANDARD = "gnu++20";
				CLANG_ENABLE_MODULES = YES;
				CLANG_ENABLE_OBJC_ARC = YES;
				CLANG_ENABLE_OBJC_WEAK = YES;
				CLANG_WARN_BLOCK_CAPTURE_AUTORELEASING = YES;
				CLANG_WARN_BOOL_CONVERSION = YES;
				CLANG_WARN_COMMA = YES;
				CLANG_WARN_CONSTANT_CONVERSION = YES;
				CLANG_WARN_DEPRECATED_OBJC_IMPLEMENTATIONS = YES;
				CLANG_WARN_DIRECT_OBJC_ISA_USAGE = YES_ERROR;
				CLANG_WARN_DOCUMENTATION_COMMENTS = YES;
				CLANG_WARN_EMPTY_BODY = YES;
				CLANG_WARN_ENUM_CONVERSION = YES;
				CLANG_WARN_INFINITE_RECURSION = YES;
				CLANG_WARN_INT_CONVERSION = YES;
				CLANG_WARN_NON_LITERAL_NULL_CONVERSION = YES;
				CLANG_WARN_OBJC_IMPLICIT_RETAIN_SELF = YES;
				CLANG_WARN_OBJC_LITERAL_CONVERSION = YES;
				CLANG_WARN_OBJC_ROOT_CLASS = YES_ERROR;
				CLANG_WARN_QUOTED_INCLUDE_IN_FRAMEWORK_HEADER = YES;
				CLANG_WARN_RANGE_LOOP_ANALYSIS = YES;
				CLANG_WARN_STRICT_PROTOTYPES = YES;
				CLANG_WARN_SUSPICIOUS_MOVE = YES;
				CLANG_WARN_UNGUARDED_AVAILABILITY = YES_AGGRESSIVE;
				CLANG_WARN_UNREACHABLE_CODE = YES;
				CLANG_WARN__DUPLICATE_METHOD_MATCH = YES;
				COPY_PHASE_STRIP = NO;
				DEBUG_INFORMATION_FORMAT = dwarf;
				ENABLE_STRICT_OBJC_MSGSEND = YES;
				ENABLE_TESTABILITY = YES;
				GCC_C_LANGUAGE_STANDARD = gnu11;
				GCC_DYNAMIC_NO_PIC = NO;
				GCC_NO_COMMON_BLOCKS = YES;
				GCC_OPTIMIZATION_LEVEL = 0;
				GCC_PREPROCESSOR_DEFINITIONS = (
					"DEBUG=1",
					"$(inherited)",
				);
				GCC_WARN_64_TO_32_BIT_CONVERSION = YES;
				GCC_WARN_ABOUT_RETURN_TYPE = YES_ERROR;
				GCC_WARN_UNDECLARED_SELECTOR = YES;
				GCC_WARN_UNINITIALIZED_AUTOS = YES_AGGRESSIVE;
				GCC_WARN_UNUSED_FUNCTION = YES;
				GCC_WARN_UNUSED_VARIABLE = YES;
				MTL_ENABLE_DEBUG_INFO = INCLUDE_SOURCE;
				MTL_FAST_MATH = YES;
				ONLY_ACTIVE_ARCH = YES;
				SWIFT_ACTIVE_COMPILATION_CONDITIONS = DEBUG;
				SWIFT_OPTIMIZATION_LEVEL = "-Onone";
			};
			name = Debug;
		};
		69F2C2A129FA4FA80088F503 /* Release */ = {
			isa = XCBuildConfiguration;
			buildSettings = {
				ALWAYS_SEARCH_USER_PATHS = NO;
				CLANG_ANALYZER_NONNULL = YES;
				CLANG_ANALYZER_NUMBER_OBJECT_CONVERSION = YES_AGGRESSIVE;
				CLANG_CXX_LANGUAGE_STANDARD = "gnu++20";
				CLANG_ENABLE_MODULES = YES;
				CLANG_ENABLE_OBJC_ARC = YES;
				CLANG_ENABLE_OBJC_WEAK = YES;
				CLANG_WARN_BLOCK_CAPTURE_AUTORELEASING = YES;
				CLANG_WARN_BOOL_CONVERSION = YES;
				CLANG_WARN_COMMA = YES;
				CLANG_WARN_CONSTANT_CONVERSION = YES;
				CLANG_WARN_DEPRECATED_OBJC_IMPLEMENTATIONS = YES;
				CLANG_WARN_DIRECT_OBJC_ISA_USAGE = YES_ERROR;
				CLANG_WARN_DOCUMENTATION_COMMENTS = YES;
				CLANG_WARN_EMPTY_BODY = YES;
				CLANG_WARN_ENUM_CONVERSION = YES;
				CLANG_WARN_INFINITE_RECURSION = YES;
				CLANG_WARN_INT_CONVERSION = YES;
				CLANG_WARN_NON_LITERAL_NULL_CONVERSION = YES;
				CLANG_WARN_OBJC_IMPLICIT_RETAIN_SELF = YES;
				CLANG_WARN_OBJC_LITERAL_CONVERSION = YES;
				CLANG_WARN_OBJC_ROOT_CLASS = YES_ERROR;
				CLANG_WARN_QUOTED_INCLUDE_IN_FRAMEWORK_HEADER = YES;
				CLANG_WARN_RANGE_LOOP_ANALYSIS = YES;
				CLANG_WARN_STRICT_PROTOTYPES = YES;
				CLANG_WARN_SUSPICIOUS_MOVE = YES;
				CLANG_WARN_UNGUARDED_AVAILABILITY = YES_AGGRESSIVE;
				CLANG_WARN_UNREACHABLE_CODE = YES;
				CLANG_WARN__DUPLICATE_METHOD_MATCH = YES;
				COPY_PHASE_STRIP = NO;
				DEBUG_INFORMATION_FORMAT = "dwarf-with-dsym";
				ENABLE_NS_ASSERTIONS = NO;
				ENABLE_STRICT_OBJC_MSGSEND = YES;
				GCC_C_LANGUAGE_STANDARD = gnu11;
				GCC_NO_COMMON_BLOCKS = YES;
				GCC_WARN_64_TO_32_BIT_CONVERSION = YES;
				GCC_WARN_ABOUT_RETURN_TYPE = YES_ERROR;
				GCC_WARN_UNDECLARED_SELECTOR = YES;
				GCC_WARN_UNINITIALIZED_AUTOS = YES_AGGRESSIVE;
				GCC_WARN_UNUSED_FUNCTION = YES;
				GCC_WARN_UNUSED_VARIABLE = YES;
				MTL_ENABLE_DEBUG_INFO = NO;
				MTL_FAST_MATH = YES;
				SWIFT_COMPILATION_MODE = wholemodule;
				SWIFT_OPTIMIZATION_LEVEL = "-O";
			};
			name = Release;
		};
		69F2C2A329FA4FA80088F503 /* Debug */ = {
			isa = XCBuildConfiguration;
			buildSettings = {
				CODE_SIGN_ENTITLEMENTS = "Yomikiri Extension (iOS).entitlements";
				CODE_SIGN_STYLE = Automatic;
				CURRENT_PROJECT_VERSION = 1;
				DEVELOPMENT_TEAM = KA5T86QNBS;
				GENERATE_INFOPLIST_FILE = YES;
				INFOPLIST_FILE = "iOS (Extension)/Info.plist";
				INFOPLIST_KEY_CFBundleDisplayName = "Yomikiri Extension";
				INFOPLIST_KEY_NSHumanReadableCopyright = "";
				IPHONEOS_DEPLOYMENT_TARGET = 15.0;
				LD_RUNPATH_SEARCH_PATHS = (
					"$(inherited)",
					"@executable_path/Frameworks",
					"@executable_path/../../Frameworks",
				);
				LIBRARY_SEARCH_PATHS = (
					"$(inherited)",
					"$(PROJECT_DIR)/rust",
				);
				MARKETING_VERSION = 1.0;
				OTHER_CODE_SIGN_FLAGS = "--deep";
				OTHER_LDFLAGS = (
					"-framework",
					SafariServices,
				);
				PRODUCT_BUNDLE_IDENTIFIER = com.yoonchae.Yomikiri.Extension;
				PRODUCT_NAME = "Yomikiri Extension";
				SDKROOT = iphoneos;
				SKIP_INSTALL = YES;
				SWIFT_EMIT_LOC_STRINGS = YES;
				SWIFT_OBJC_BRIDGING_HEADER = "";
				SWIFT_VERSION = 5.0;
				TARGETED_DEVICE_FAMILY = "1,2";
			};
			name = Debug;
		};
		69F2C2A429FA4FA80088F503 /* Release */ = {
			isa = XCBuildConfiguration;
			buildSettings = {
				CODE_SIGN_ENTITLEMENTS = "Yomikiri Extension (iOS).entitlements";
				CODE_SIGN_STYLE = Automatic;
				CURRENT_PROJECT_VERSION = 1;
				DEVELOPMENT_TEAM = KA5T86QNBS;
				GENERATE_INFOPLIST_FILE = YES;
				INFOPLIST_FILE = "iOS (Extension)/Info.plist";
				INFOPLIST_KEY_CFBundleDisplayName = "Yomikiri Extension";
				INFOPLIST_KEY_NSHumanReadableCopyright = "";
				IPHONEOS_DEPLOYMENT_TARGET = 15.0;
				LD_RUNPATH_SEARCH_PATHS = (
					"$(inherited)",
					"@executable_path/Frameworks",
					"@executable_path/../../Frameworks",
				);
				LIBRARY_SEARCH_PATHS = (
					"$(inherited)",
					"$(PROJECT_DIR)/rust",
				);
				MARKETING_VERSION = 1.0;
				OTHER_CODE_SIGN_FLAGS = "--deep";
				OTHER_LDFLAGS = (
					"-framework",
					SafariServices,
				);
				PRODUCT_BUNDLE_IDENTIFIER = com.yoonchae.Yomikiri.Extension;
				PRODUCT_NAME = "Yomikiri Extension";
				SDKROOT = iphoneos;
				SKIP_INSTALL = YES;
				SWIFT_EMIT_LOC_STRINGS = YES;
				SWIFT_OBJC_BRIDGING_HEADER = "";
				SWIFT_VERSION = 5.0;
				TARGETED_DEVICE_FAMILY = "1,2";
				VALIDATE_PRODUCT = YES;
			};
			name = Release;
		};
		69F2C2A729FA4FA80088F503 /* Debug */ = {
			isa = XCBuildConfiguration;
			buildSettings = {
				ALWAYS_EMBED_SWIFT_STANDARD_LIBRARIES = YES;
				ASSETCATALOG_COMPILER_APPICON_NAME = AppIcon;
				ASSETCATALOG_COMPILER_GLOBAL_ACCENT_COLOR_NAME = AccentColor;
				CODE_SIGN_ENTITLEMENTS = "Yomikiri (iOS).entitlements";
				CODE_SIGN_STYLE = Automatic;
				CURRENT_PROJECT_VERSION = 1;
				DEVELOPMENT_TEAM = KA5T86QNBS;
				GENERATE_INFOPLIST_FILE = YES;
				INFOPLIST_FILE = "iOS (App)/Info.plist";
				INFOPLIST_KEY_CFBundleDisplayName = Yomikiri;
				INFOPLIST_KEY_UIApplicationSupportsIndirectInputEvents = YES;
				INFOPLIST_KEY_UILaunchScreen_Generation = YES;
				INFOPLIST_KEY_UISupportedInterfaceOrientations = "UIInterfaceOrientationPortrait UIInterfaceOrientationLandscapeLeft UIInterfaceOrientationLandscapeRight";
				INFOPLIST_KEY_UISupportedInterfaceOrientations_iPad = "UIInterfaceOrientationPortrait UIInterfaceOrientationPortraitUpsideDown UIInterfaceOrientationLandscapeLeft UIInterfaceOrientationLandscapeRight";
				IPHONEOS_DEPLOYMENT_TARGET = 15.4;
				LD_RUNPATH_SEARCH_PATHS = (
					"$(inherited)",
					"@executable_path/Frameworks",
				);
				MARKETING_VERSION = 1.0;
				OTHER_CODE_SIGN_FLAGS = "";
				OTHER_LDFLAGS = (
					"-framework",
					SafariServices,
					"-framework",
					WebKit,
				);
				PRODUCT_BUNDLE_IDENTIFIER = com.yoonchae.Yomikiri;
				PRODUCT_NAME = Yomikiri;
				SDKROOT = iphoneos;
				SWIFT_EMIT_LOC_STRINGS = YES;
				SWIFT_OBJC_BRIDGING_HEADER = "";
				SWIFT_VERSION = 5.0;
				TARGETED_DEVICE_FAMILY = "1,2";
			};
			name = Debug;
		};
		69F2C2A829FA4FA80088F503 /* Release */ = {
			isa = XCBuildConfiguration;
			buildSettings = {
				ALWAYS_EMBED_SWIFT_STANDARD_LIBRARIES = YES;
				ASSETCATALOG_COMPILER_APPICON_NAME = AppIcon;
				ASSETCATALOG_COMPILER_GLOBAL_ACCENT_COLOR_NAME = AccentColor;
				CODE_SIGN_ENTITLEMENTS = "Yomikiri (iOS).entitlements";
				CODE_SIGN_STYLE = Automatic;
				CURRENT_PROJECT_VERSION = 1;
				DEVELOPMENT_TEAM = KA5T86QNBS;
				GENERATE_INFOPLIST_FILE = YES;
				INFOPLIST_FILE = "iOS (App)/Info.plist";
				INFOPLIST_KEY_CFBundleDisplayName = Yomikiri;
				INFOPLIST_KEY_UIApplicationSupportsIndirectInputEvents = YES;
				INFOPLIST_KEY_UILaunchScreen_Generation = YES;
				INFOPLIST_KEY_UISupportedInterfaceOrientations = "UIInterfaceOrientationPortrait UIInterfaceOrientationLandscapeLeft UIInterfaceOrientationLandscapeRight";
				INFOPLIST_KEY_UISupportedInterfaceOrientations_iPad = "UIInterfaceOrientationPortrait UIInterfaceOrientationPortraitUpsideDown UIInterfaceOrientationLandscapeLeft UIInterfaceOrientationLandscapeRight";
				IPHONEOS_DEPLOYMENT_TARGET = 15.4;
				LD_RUNPATH_SEARCH_PATHS = (
					"$(inherited)",
					"@executable_path/Frameworks",
				);
				MARKETING_VERSION = 1.0;
				OTHER_CODE_SIGN_FLAGS = "";
				OTHER_LDFLAGS = (
					"-framework",
					SafariServices,
					"-framework",
					WebKit,
				);
				PRODUCT_BUNDLE_IDENTIFIER = com.yoonchae.Yomikiri;
				PRODUCT_NAME = Yomikiri;
				SDKROOT = iphoneos;
				SWIFT_EMIT_LOC_STRINGS = YES;
				SWIFT_OBJC_BRIDGING_HEADER = "";
				SWIFT_VERSION = 5.0;
				TARGETED_DEVICE_FAMILY = "1,2";
				VALIDATE_PRODUCT = YES;
			};
			name = Release;
		};
		69F2C2AA29FA4FA80088F503 /* Debug */ = {
			isa = XCBuildConfiguration;
			buildSettings = {
				CODE_SIGN_ENTITLEMENTS = "macOS (Extension)/Yomikiri.entitlements";
				CODE_SIGN_STYLE = Automatic;
				CURRENT_PROJECT_VERSION = 1;
				DEVELOPMENT_TEAM = KA5T86QNBS;
				ENABLE_HARDENED_RUNTIME = YES;
				GENERATE_INFOPLIST_FILE = YES;
				INFOPLIST_FILE = "macOS (Extension)/Info.plist";
				INFOPLIST_KEY_CFBundleDisplayName = "Yomikiri Extension";
				INFOPLIST_KEY_NSHumanReadableCopyright = "";
				LD_RUNPATH_SEARCH_PATHS = (
					"$(inherited)",
					"@executable_path/../Frameworks",
					"@executable_path/../../../../Frameworks",
				);
				MACOSX_DEPLOYMENT_TARGET = 10.14;
				MARKETING_VERSION = 1.0;
				OTHER_LDFLAGS = (
					"-framework",
					SafariServices,
				);
				PRODUCT_BUNDLE_IDENTIFIER = com.yoonchae.Yomikiri.Extension;
				PRODUCT_NAME = "Yomikiri Extension";
				SDKROOT = macosx;
				SKIP_INSTALL = YES;
				SWIFT_EMIT_LOC_STRINGS = YES;
				SWIFT_VERSION = 5.0;
			};
			name = Debug;
		};
		69F2C2AB29FA4FA80088F503 /* Release */ = {
			isa = XCBuildConfiguration;
			buildSettings = {
				CODE_SIGN_ENTITLEMENTS = "macOS (Extension)/Yomikiri.entitlements";
				CODE_SIGN_STYLE = Automatic;
				CURRENT_PROJECT_VERSION = 1;
				DEVELOPMENT_TEAM = KA5T86QNBS;
				ENABLE_HARDENED_RUNTIME = YES;
				GENERATE_INFOPLIST_FILE = YES;
				INFOPLIST_FILE = "macOS (Extension)/Info.plist";
				INFOPLIST_KEY_CFBundleDisplayName = "Yomikiri Extension";
				INFOPLIST_KEY_NSHumanReadableCopyright = "";
				LD_RUNPATH_SEARCH_PATHS = (
					"$(inherited)",
					"@executable_path/../Frameworks",
					"@executable_path/../../../../Frameworks",
				);
				MACOSX_DEPLOYMENT_TARGET = 10.14;
				MARKETING_VERSION = 1.0;
				OTHER_LDFLAGS = (
					"-framework",
					SafariServices,
				);
				PRODUCT_BUNDLE_IDENTIFIER = com.yoonchae.Yomikiri.Extension;
				PRODUCT_NAME = "Yomikiri Extension";
				SDKROOT = macosx;
				SKIP_INSTALL = YES;
				SWIFT_EMIT_LOC_STRINGS = YES;
				SWIFT_VERSION = 5.0;
			};
			name = Release;
		};
		69F2C2AE29FA4FA80088F503 /* Debug */ = {
			isa = XCBuildConfiguration;
			buildSettings = {
				ALWAYS_EMBED_SWIFT_STANDARD_LIBRARIES = YES;
				ASSETCATALOG_COMPILER_APPICON_NAME = AppIcon;
				ASSETCATALOG_COMPILER_GLOBAL_ACCENT_COLOR_NAME = AccentColor;
				CODE_SIGN_ENTITLEMENTS = "macOS (App)/Yomikiri.entitlements";
				CODE_SIGN_STYLE = Automatic;
				CURRENT_PROJECT_VERSION = 1;
				DEVELOPMENT_TEAM = KA5T86QNBS;
				ENABLE_HARDENED_RUNTIME = YES;
				GENERATE_INFOPLIST_FILE = YES;
				INFOPLIST_KEY_CFBundleDisplayName = Yomikiri;
				INFOPLIST_KEY_NSMainStoryboardFile = Main;
				INFOPLIST_KEY_NSPrincipalClass = NSApplication;
				LD_RUNPATH_SEARCH_PATHS = (
					"$(inherited)",
					"@executable_path/../Frameworks",
				);
				MACOSX_DEPLOYMENT_TARGET = 10.14;
				MARKETING_VERSION = 1.0;
				OTHER_LDFLAGS = (
					"-framework",
					SafariServices,
					"-framework",
					WebKit,
				);
				PRODUCT_BUNDLE_IDENTIFIER = com.yoonchae.Yomikiri;
				PRODUCT_NAME = Yomikiri;
				SDKROOT = macosx;
				SWIFT_EMIT_LOC_STRINGS = YES;
				SWIFT_VERSION = 5.0;
			};
			name = Debug;
		};
		69F2C2AF29FA4FA80088F503 /* Release */ = {
			isa = XCBuildConfiguration;
			buildSettings = {
				ALWAYS_EMBED_SWIFT_STANDARD_LIBRARIES = YES;
				ASSETCATALOG_COMPILER_APPICON_NAME = AppIcon;
				ASSETCATALOG_COMPILER_GLOBAL_ACCENT_COLOR_NAME = AccentColor;
				CODE_SIGN_ENTITLEMENTS = "macOS (App)/Yomikiri.entitlements";
				CODE_SIGN_STYLE = Automatic;
				CURRENT_PROJECT_VERSION = 1;
				DEVELOPMENT_TEAM = KA5T86QNBS;
				ENABLE_HARDENED_RUNTIME = YES;
				GENERATE_INFOPLIST_FILE = YES;
				INFOPLIST_KEY_CFBundleDisplayName = Yomikiri;
				INFOPLIST_KEY_NSMainStoryboardFile = Main;
				INFOPLIST_KEY_NSPrincipalClass = NSApplication;
				LD_RUNPATH_SEARCH_PATHS = (
					"$(inherited)",
					"@executable_path/../Frameworks",
				);
				MACOSX_DEPLOYMENT_TARGET = 10.14;
				MARKETING_VERSION = 1.0;
				OTHER_LDFLAGS = (
					"-framework",
					SafariServices,
					"-framework",
					WebKit,
				);
				PRODUCT_BUNDLE_IDENTIFIER = com.yoonchae.Yomikiri;
				PRODUCT_NAME = Yomikiri;
				SDKROOT = macosx;
				SWIFT_EMIT_LOC_STRINGS = YES;
				SWIFT_VERSION = 5.0;
			};
			name = Release;
		};
/* End XCBuildConfiguration section */

/* Begin XCConfigurationList section */
		69F2C23A29FA4FA70088F503 /* Build configuration list for PBXProject "Yomikiri" */ = {
			isa = XCConfigurationList;
			buildConfigurations = (
				69F2C2A029FA4FA80088F503 /* Debug */,
				69F2C2A129FA4FA80088F503 /* Release */,
			);
			defaultConfigurationIsVisible = 0;
			defaultConfigurationName = Release;
		};
		69F2C2A229FA4FA80088F503 /* Build configuration list for PBXNativeTarget "Yomikiri Extension (iOS)" */ = {
			isa = XCConfigurationList;
			buildConfigurations = (
				69F2C2A329FA4FA80088F503 /* Debug */,
				69F2C2A429FA4FA80088F503 /* Release */,
			);
			defaultConfigurationIsVisible = 0;
			defaultConfigurationName = Release;
		};
		69F2C2A629FA4FA80088F503 /* Build configuration list for PBXNativeTarget "Yomikiri (iOS)" */ = {
			isa = XCConfigurationList;
			buildConfigurations = (
				69F2C2A729FA4FA80088F503 /* Debug */,
				69F2C2A829FA4FA80088F503 /* Release */,
			);
			defaultConfigurationIsVisible = 0;
			defaultConfigurationName = Release;
		};
		69F2C2A929FA4FA80088F503 /* Build configuration list for PBXNativeTarget "Yomikiri Extension (macOS)" */ = {
			isa = XCConfigurationList;
			buildConfigurations = (
				69F2C2AA29FA4FA80088F503 /* Debug */,
				69F2C2AB29FA4FA80088F503 /* Release */,
			);
			defaultConfigurationIsVisible = 0;
			defaultConfigurationName = Release;
		};
		69F2C2AD29FA4FA80088F503 /* Build configuration list for PBXNativeTarget "Yomikiri (macOS)" */ = {
			isa = XCConfigurationList;
			buildConfigurations = (
				69F2C2AE29FA4FA80088F503 /* Debug */,
				69F2C2AF29FA4FA80088F503 /* Release */,
			);
			defaultConfigurationIsVisible = 0;
			defaultConfigurationName = Release;
		};
/* End XCConfigurationList section */
	};
	rootObject = 69F2C23729FA4FA70088F503 /* Project object */;
}
